
Microsoft Visual Studio Solution File, Format Version 12.00
# Visual Studio Version 17
VisualStudioVersion = 17.11.35208.52
MinimumVisualStudioVersion = 10.0.40219.1
Project("{FAE04EC0-301F-11D3-BF4B-00C04F79EFBC}") = "1. Intro", "1. Intro.csproj", "{04C3848A-7B3C-4582-A3BE-BFA6DD6C5AC1}"
EndProject
Global
	GlobalSection(SolutionConfigurationPlatforms) = preSolution
		Debug|Any CPU = Debug|Any CPU
		Release|Any CPU = Release|Any CPU
	EndGlobalSection
	GlobalSection(ProjectConfigurationPlatforms) = postSolution
		{04C3848A-7B3C-4582-A3BE-BFA6DD6C5AC1}.Debug|Any CPU.ActiveCfg = Debug|Any CPU
		{04C3848A-7B3C-4582-A3BE-BFA6DD6C5AC1}.Debug|Any CPU.Build.0 = Debug|Any CPU
		{04C3848A-7B3C-4582-A3BE-BFA6DD6C5AC1}.Release|Any CPU.ActiveCfg = Release|Any CPU
		{04C3848A-7B3C-4582-A3BE-BFA6DD6C5AC1}.Release|Any CPU.Build.0 = Release|Any CPU
	EndGlobalSection
	GlobalSection(SolutionProperties) = preSolution
		HideSolutionNode = FALSE
	EndGlobalSection
	GlobalSection(ExtensibilityGlobals) = postSolution
		SolutionGuid = {67E10628-1D86-4053-B78F-ED069426F95A}
	EndGlobalSection
EndGlobal
