
Microsoft Visual Studio Solution File, Format Version 12.00
# Visual Studio Version 17
VisualStudioVersion = 17.11.35208.52
MinimumVisualStudioVersion = 10.0.40219.1
Project("{FAE04EC0-301F-11D3-BF4B-00C04F79EFBC}") = "2. Types", "2. Types.csproj", "{FC1B24F0-0DDD-48C4-8CD5-F366CF96F634}"
EndProject
Global
	GlobalSection(SolutionConfigurationPlatforms) = preSolution
		Debug|Any CPU = Debug|Any CPU
		Release|Any CPU = Release|Any CPU
	EndGlobalSection
	GlobalSection(ProjectConfigurationPlatforms) = postSolution
		{FC1B24F0-0DDD-48C4-8CD5-F366CF96F634}.Debug|Any CPU.ActiveCfg = Debug|Any CPU
		{FC1B24F0-0DDD-48C4-8CD5-F366CF96F634}.Debug|Any CPU.Build.0 = Debug|Any CPU
		{FC1B24F0-0DDD-48C4-8CD5-F366CF96F634}.Release|Any CPU.ActiveCfg = Release|Any CPU
		{FC1B24F0-0DDD-48C4-8CD5-F366CF96F634}.Release|Any CPU.Build.0 = Release|Any CPU
	EndGlobalSection
	GlobalSection(SolutionProperties) = preSolution
		HideSolutionNode = FALSE
	EndGlobalSection
	GlobalSection(ExtensibilityGlobals) = postSolution
		SolutionGuid = {554F6271-7441-4648-A9B9-D259B8DC4E34}
	EndGlobalSection
EndGlobal
